
Microsoft Visual Studio Solution File, Format Version 12.00
# Visual Studio 15
Project("{FAE04EC0-301F-11D3-BF4B-00C04F79EFBC}") = "NTPUwork", "NTPUwork\NTPUwork.csproj", "{0E17415A-62E1-4564-AED8-A9429D6E1D8A}"
EndProject
Project("{FAE04EC0-301F-11D3-BF4B-00C04F79EFBC}") = "NTPUAssembler", "NTPUAssembler\NTPUAssembler.csproj", "{AD7AF903-E70A-4859-854D-F5BA3B432A3E}"
EndProject
Global
	GlobalSection(SolutionConfigurationPlatforms) = preSolution
		Debug|Any CPU = Debug|Any CPU
		Release|Any CPU = Release|Any CPU
	EndGlobalSection
	GlobalSection(ProjectConfigurationPlatforms) = postSolution
		{0E17415A-62E1-4564-AED8-A9429D6E1D8A}.Debug|Any CPU.ActiveCfg = Debug|Any CPU
		{0E17415A-62E1-4564-AED8-A9429D6E1D8A}.Debug|Any CPU.Build.0 = Debug|Any CPU
		{0E17415A-62E1-4564-AED8-A9429D6E1D8A}.Release|Any CPU.ActiveCfg = Release|Any CPU
		{0E17415A-62E1-4564-AED8-A9429D6E1D8A}.Release|Any CPU.Build.0 = Release|Any CPU
		{AD7AF903-E70A-4859-854D-F5BA3B432A3E}.Debug|Any CPU.ActiveCfg = Debug|Any CPU
		{AD7AF903-E70A-4859-854D-F5BA3B432A3E}.Debug|Any CPU.Build.0 = Debug|Any CPU
		{AD7AF903-E70A-4859-854D-F5BA3B432A3E}.Release|Any CPU.ActiveCfg = Release|Any CPU
		{AD7AF903-E70A-4859-854D-F5BA3B432A3E}.Release|Any CPU.Build.0 = Release|Any CPU
	EndGlobalSection
EndGlobal
